// !$*UTF8*$!
{
	archiveVersion = 1;
	classes = {
	};
	objectVersion = 50;
	objects = {

/* Begin PBXBuildFile section */
		FD4AFCF5214AC4DF008E6B24 /* AppDelegate.swift in Sources */ = {isa = PBXBuildFile; fileRef = FD4AFCF4214AC4DF008E6B24 /* AppDelegate.swift */; };
		FD4AFCF7214AC4DF008E6B24 /* ViewController.swift in Sources */ = {isa = PBXBuildFile; fileRef = FD4AFCF6214AC4DF008E6B24 /* ViewController.swift */; };
		FD4AFCFA214AC4DF008E6B24 /* Main.storyboard in Resources */ = {isa = PBXBuildFile; fileRef = FD4AFCF8214AC4DF008E6B24 /* Main.storyboard */; };
		FD4AFCFC214AC4E0008E6B24 /* Assets.xcassets in Resources */ = {isa = PBXBuildFile; fileRef = FD4AFCFB214AC4E0008E6B24 /* Assets.xcassets */; };
		FD4AFCFF214AC4E0008E6B24 /* LaunchScreen.storyboard in Resources */ = {isa = PBXBuildFile; fileRef = FD4AFCFD214AC4E0008E6B24 /* LaunchScreen.storyboard */; };
/* End PBXBuildFile section */

/* Begin PBXFileReference section */
		FD4AFCF1214AC4DF008E6B24 /* TumblrDemo1.app */ = {isa = PBXFileReference; explicitFileType = wrapper.application; includeInIndex = 0; path = TumblrDemo1.app; sourceTree = BUILT_PRODUCTS_DIR; };
		FD4AFCF4214AC4DF008E6B24 /* AppDelegate.swift */ = {isa = PBXFileReference; lastKnownFileType = sourcecode.swift; path = AppDelegate.swift; sourceTree = "<group>"; };
		FD4AFCF6214AC4DF008E6B24 /* ViewController.swift */ = {isa = PBXFileReference; lastKnownFileType = sourcecode.swift; path = ViewController.swift; sourceTree = "<group>"; };
		FD4AFCF9214AC4DF008E6B24 /* Base */ = {isa = PBXFileReference; lastKnownFileType = file.storyboard; name = Base; path = Base.lproj/Main.storyboard; sourceTree = "<group>"; };
		FD4AFCFB214AC4E0008E6B24 /* Assets.xcassets */ = {isa = PBXFileReference; lastKnownFileType = folder.assetcatalog; path = Assets.xcassets; sourceTree = "<group>"; };
		FD4AFCFE214AC4E0008E6B24 /* Base */ = {isa = PBXFileReference; lastKnownFileType = file.storyboard; name = Base; path = Base.lproj/LaunchScreen.storyboard; sourceTree = "<group>"; };
		FD4AFD00214AC4E0008E6B24 /* Info.plist */ = {isa = PBXFileReference; lastKnownFileType = text.plist.xml; path = Info.plist; sourceTree = "<group>"; };
/* End PBXFileReference section */

/* Begin PBXFrameworksBuildPhase section */
		FD4AFCEE214AC4DF008E6B24 /* Frameworks */ = {
			isa = PBXFrameworksBuildPhase;
			buildActionMask = 2147483647;
			files = (
			);
			runOnlyForDeploymentPostprocessing = 0;
		};
/* End PBXFrameworksBuildPhase section */

/* Begin PBXGroup section */
		FD4AFCE8214AC4DE008E6B24 = {
			isa = PBXGroup;
			children = (
				FD4AFCF3214AC4DF008E6B24 /* TumblrDemo1 */,
				FD4AFCF2214AC4DF008E6B24 /* Products */,
			);
			sourceTree = "<group>";
		};
		FD4AFCF2214AC4DF008E6B24 /* Products */ = {
			isa = PBXGroup;
			children = (
				FD4AFCF1214AC4DF008E6B24 /* TumblrDemo1.app */,
			);
			name = Products;
			sourceTree = "<group>";
		};
		FD4AFCF3214AC4DF008E6B24 /* TumblrDemo1 */ = {
			isa = PBXGroup;
			children = (
				FD4AFCF4214AC4DF008E6B24 /* AppDelegate.swift */,
				FD4AFCF6214AC4DF008E6B24 /* ViewController.swift */,
				FD4AFCF8214AC4DF008E6B24 /* Main.storyboard */,
				FD4AFCFB214AC4E0008E6B24 /* Assets.xcassets */,
				FD4AFCFD214AC4E0008E6B24 /* LaunchScreen.storyboard */,
				FD4AFD00214AC4E0008E6B24 /* Info.plist */,
			);
			path = TumblrDemo1;
			sourceTree = "<group>";
		};
/* End PBXGroup section */

/* Begin PBXNativeTarget section */
		FD4AFCF0214AC4DF008E6B24 /* TumblrDemo1 */ = {
			isa = PBXNativeTarget;
			buildConfigurationList = FD4AFD03214AC4E0008E6B24 /* Build configuration list for PBXNativeTarget "TumblrDemo1" */;
			buildPhases = (
				FD4AFCED214AC4DF008E6B24 /* Sources */,
				FD4AFCEE214AC4DF008E6B24 /* Frameworks */,
				FD4AFCEF214AC4DF008E6B24 /* Resources */,
			);
			buildRules = (
			);
			dependencies = (
			);
			name = TumblrDemo1;
			productName = TumblrDemo1;
			productReference = FD4AFCF1214AC4DF008E6B24 /* TumblrDemo1.app */;
			productType = "com.apple.product-type.application";
		};
/* End PBXNativeTarget section */

/* Begin PBXProject section */
		FD4AFCE9214AC4DE008E6B24 /* Project object */ = {
			isa = PBXProject;
			attributes = {
				LastSwiftUpdateCheck = 0940;
				LastUpgradeCheck = 0940;
				ORGANIZATIONNAME = "Simidele Akinwande";
				TargetAttributes = {
					FD4AFCF0214AC4DF008E6B24 = {
						CreatedOnToolsVersion = 9.4.1;
					};
				};
			};
			buildConfigurationList = FD4AFCEC214AC4DE008E6B24 /* Build configuration list for PBXProject "TumblrDemo1" */;
			compatibilityVersion = "Xcode 9.3";
			developmentRegion = en;
			hasScannedForEncodings = 0;
			knownRegions = (
				en,
				Base,
			);
			mainGroup = FD4AFCE8214AC4DE008E6B24;
			productRefGroup = FD4AFCF2214AC4DF008E6B24 /* Products */;
			projectDirPath = "";
			projectRoot = "";
			targets = (
				FD4AFCF0214AC4DF008E6B24 /* TumblrDemo1 */,
			);
		};
/* End PBXProject section */

/* Begin PBXResourcesBuildPhase section */
		FD4AFCEF214AC4DF008E6B24 /* Resources */ = {
			isa = PBXResourcesBuildPhase;
			buildActionMask = 2147483647;
			files = (
				FD4AFCFF214AC4E0008E6B24 /* LaunchScreen.storyboard in Resources */,
				FD4AFCFC214AC4E0008E6B24 /* Assets.xcassets in Resources */,
				FD4AFCFA214AC4DF008E6B24 /* Main.storyboard in Resources */,
			);
			runOnlyForDeploymentPostprocessing = 0;
		};
/* End PBXResourcesBuildPhase section */

/* Begin PBXSourcesBuildPhase section */
		FD4AFCED214AC4DF008E6B24 /* Sources */ = {
			isa = PBXSourcesBuildPhase;
			buildActionMask = 2147483647;
			files = (
				FD4AFCF7214AC4DF008E6B24 /* ViewController.swift in Sources */,
				FD4AFCF5214AC4DF008E6B24 /* AppDelegate.swift in Sources */,
			);
			runOnlyForDeploymentPostprocessing = 0;
		};
/* End PBXSourcesBuildPhase section */

/* Begin PBXVariantGroup section */
		FD4AFCF8214AC4DF008E6B24 /* Main.storyboard */ = {
			isa = PBXVariantGroup;
			children = (
				FD4AFCF9214AC4DF008E6B24 /* Base */,
			);
			name = Main.storyboard;
			sourceTree = "<group>";
		};
		FD4AFCFD214AC4E0008E6B24 /* LaunchScreen.storyboard */ = {
			isa = PBXVariantGroup;
			children = (
				FD4AFCFE214AC4E0008E6B24 /* Base */,
			);
			name = LaunchScreen.storyboard;
			sourceTree = "<group>";
		};
/* End PBXVariantGroup section */

/* Begin XCBuildConfiguration section */
		FD4AFD01214AC4E0008E6B24 /* Debug */ = {
			isa = XCBuildConfiguration;
			buildSettings = {
				ALWAYS_SEARCH_USER_PATHS = NO;
				CLANG_ANALYZER_NONNULL = YES;
				CLANG_ANALYZER_NUMBER_OBJECT_CONVERSION = YES_AGGRESSIVE;
				CLANG_CXX_LANGUAGE_STANDARD = "gnu++14";
				CLANG_CXX_LIBRARY = "libc++";
				CLANG_ENABLE_MODULES = YES;
				CLANG_ENABLE_OBJC_ARC = YES;
				CLANG_ENABLE_OBJC_WEAK = YES;
				CLANG_WARN_BLOCK_CAPTURE_AUTORELEASING = YES;
				CLANG_WARN_BOOL_CONVERSION = YES;
				CLANG_WARN_COMMA = YES;
				CLANG_WARN_CONSTANT_CONVERSION = YES;
				CLANG_WARN_DEPRECATED_OBJC_IMPLEMENTATIONS = YES;
				CLANG_WARN_DIRECT_OBJC_ISA_USAGE = YES_ERROR;
				CLANG_WARN_DOCUMENTATION_COMMENTS = YES;
				CLANG_WARN_EMPTY_BODY = YES;
				CLANG_WARN_ENUM_CONVERSION = YES;
				CLANG_WARN_INFINITE_RECURSION = YES;
				CLANG_WARN_INT_CONVERSION = YES;
				CLANG_WARN_NON_LITERAL_NULL_CONVERSION = YES;
				CLANG_WARN_OBJC_IMPLICIT_RETAIN_SELF = YES;
				CLANG_WARN_OBJC_LITERAL_CONVERSION = YES;
				CLANG_WARN_OBJC_ROOT_CLASS = YES_ERROR;
				CLANG_WARN_RANGE_LOOP_ANALYSIS = YES;
				CLANG_WARN_STRICT_PROTOTYPES = YES;
				CLANG_WARN_SUSPICIOUS_MOVE = YES;
				CLANG_WARN_UNGUARDED_AVAILABILITY = YES_AGGRESSIVE;
				CLANG_WARN_UNREACHABLE_CODE = YES;
				CLANG_WARN__DUPLICATE_METHOD_MATCH = YES;
				CODE_SIGN_IDENTITY = "iPhone Developer";
				COPY_PHASE_STRIP = NO;
				DEBUG_INFORMATION_FORMAT = dwarf;
				ENABLE_STRICT_OBJC_MSGSEND = YES;
				ENABLE_TESTABILITY = YES;
				GCC_C_LANGUAGE_STANDARD = gnu11;
				GCC_DYNAMIC_NO_PIC = NO;
				GCC_NO_COMMON_BLOCKS = YES;
				GCC_OPTIMIZATION_LEVEL = 0;
				GCC_PREPROCESSOR_DEFINITIONS = (
					"DEBUG=1",
					"$(inherited)",
				);
				GCC_WARN_64_TO_32_BIT_CONVERSION = YES;
				GCC_WARN_ABOUT_RETURN_TYPE = YES_ERROR;
				GCC_WARN_UNDECLARED_SELECTOR = YES;
				GCC_WARN_UNINITIALIZED_AUTOS = YES_AGGRESSIVE;
				GCC_WARN_UNUSED_FUNCTION = YES;
				GCC_WARN_UNUSED_VARIABLE = YES;
				IPHONEOS_DEPLOYMENT_TARGET = 11.4;
				MTL_ENABLE_DEBUG_INFO = YES;
				ONLY_ACTIVE_ARCH = YES;
				SDKROOT = iphoneos;
				SWIFT_ACTIVE_COMPILATION_CONDITIONS = DEBUG;
				SWIFT_OPTIMIZATION_LEVEL = "-Onone";
			};
			name = Debug;
		};
		FD4AFD02214AC4E0008E6B24 /* Release */ = {
			isa = XCBuildConfiguration;
			buildSettings = {
				ALWAYS_SEARCH_USER_PATHS = NO;
				CLANG_ANALYZER_NONNULL = YES;
				CLANG_ANALYZER_NUMBER_OBJECT_CONVERSION = YES_AGGRESSIVE;
				CLANG_CXX_LANGUAGE_STANDARD = "gnu++14";
				CLANG_CXX_LIBRARY = "libc++";
				CLANG_ENABLE_MODULES = YES;
				CLANG_ENABLE_OBJC_ARC = YES;
				CLANG_ENABLE_OBJC_WEAK = YES;
				CLANG_WARN_BLOCK_CAPTURE_AUTORELEASING = YES;
				CLANG_WARN_BOOL_CONVERSION = YES;
				CLANG_WARN_COMMA = YES;
				CLANG_WARN_CONSTANT_CONVERSION = YES;
				CLANG_WARN_DEPRECATED_OBJC_IMPLEMENTATIONS = YES;
				CLANG_WARN_DIRECT_OBJC_ISA_USAGE = YES_ERROR;
				CLANG_WARN_DOCUMENTATION_COMMENTS = YES;
				CLANG_WARN_EMPTY_BODY = YES;
				CLANG_WARN_ENUM_CONVERSION = YES;
				CLANG_WARN_INFINITE_RECURSION = YES;
				CLANG_WARN_INT_CONVERSION = YES;
				CLANG_WARN_NON_LITERAL_NULL_CONVERSION = YES;
				CLANG_WARN_OBJC_IMPLICIT_RETAIN_SELF = YES;
				CLANG_WARN_OBJC_LITERAL_CONVERSION = YES;
				CLANG_WARN_OBJC_ROOT_CLASS = YES_ERROR;
				CLANG_WARN_RANGE_LOOP_ANALYSIS = YES;
				CLANG_WARN_STRICT_PROTOTYPES = YES;
				CLANG_WARN_SUSPICIOUS_MOVE = YES;
				CLANG_WARN_UNGUARDED_AVAILABILITY = YES_AGGRESSIVE;
				CLANG_WARN_UNREACHABLE_CODE = YES;
				CLANG_WARN__DUPLICATE_METHOD_MATCH = YES;
				CODE_SIGN_IDENTITY = "iPhone Developer";
				COPY_PHASE_STRIP = NO;
				DEBUG_INFORMATION_FORMAT = "dwarf-with-dsym";
				ENABLE_NS_ASSERTIONS = NO;
				ENABLE_STRICT_OBJC_MSGSEND = YES;
				GCC_C_LANGUAGE_STANDARD = gnu11;
				GCC_NO_COMMON_BLOCKS = YES;
				GCC_WARN_64_TO_32_BIT_CONVERSION = YES;
				GCC_WARN_ABOUT_RETURN_TYPE = YES_ERROR;
				GCC_WARN_UNDECLARED_SELECTOR = YES;
				GCC_WARN_UNINITIALIZED_AUTOS = YES_AGGRESSIVE;
				GCC_WARN_UNUSED_FUNCTION = YES;
				GCC_WARN_UNUSED_VARIABLE = YES;
				IPHONEOS_DEPLOYMENT_TARGET = 11.4;
				MTL_ENABLE_DEBUG_INFO = NO;
				SDKROOT = iphoneos;
				SWIFT_COMPILATION_MODE = wholemodule;
				SWIFT_OPTIMIZATION_LEVEL = "-O";
				VALIDATE_PRODUCT = YES;
			};
			name = Release;
		};
		FD4AFD04214AC4E0008E6B24 /* Debug */ = {
			isa = XCBuildConfiguration;
			buildSettings = {
				ASSETCATALOG_COMPILER_APPICON_NAME = AppIcon;
				CODE_SIGN_STYLE = Automatic;
				DEVELOPMENT_TEAM = 8LC89CFVZ3;
				INFOPLIST_FILE = TumblrDemo1/Info.plist;
				LD_RUNPATH_SEARCH_PATHS = (
					"$(inherited)",
					"@executable_path/Frameworks",
				);
				PRODUCT_BUNDLE_IDENTIFIER = com.simideleakinwande.TumblrDemo1;
				PRODUCT_NAME = "$(TARGET_NAME)";
				SWIFT_VERSION = 4.0;
				TARGETED_DEVICE_FAMILY = "1,2";
			};
			name = Debug;
		};
		FD4AFD05214AC4E0008E6B24 /* Release */ = {
			isa = XCBuildConfiguration;
			buildSettings = {
				ASSETCATALOG_COMPILER_APPICON_NAME = AppIcon;
				CODE_SIGN_STYLE = Automatic;
				DEVELOPMENT_TEAM = 8LC89CFVZ3;
				INFOPLIST_FILE = TumblrDemo1/Info.plist;
				LD_RUNPATH_SEARCH_PATHS = (
					"$(inherited)",
					"@executable_path/Frameworks",
				);
				PRODUCT_BUNDLE_IDENTIFIER = com.simideleakinwande.TumblrDemo1;
				PRODUCT_NAME = "$(TARGET_NAME)";
				SWIFT_VERSION = 4.0;
				TARGETED_DEVICE_FAMILY = "1,2";
			};
			name = Release;
		};
/* End XCBuildConfiguration section */

/* Begin XCConfigurationList section */
		FD4AFCEC214AC4DE008E6B24 /* Build configuration list for PBXProject "TumblrDemo1" */ = {
			isa = XCConfigurationList;
			buildConfigurations = (
				FD4AFD01214AC4E0008E6B24 /* Debug */,
				FD4AFD02214AC4E0008E6B24 /* Release */,
			);
			defaultConfigurationIsVisible = 0;
			defaultConfigurationName = Release;
		};
		FD4AFD03214AC4E0008E6B24 /* Build configuration list for PBXNativeTarget "TumblrDemo1" */ = {
			isa = XCConfigurationList;
			buildConfigurations = (
				FD4AFD04214AC4E0008E6B24 /* Debug */,
				FD4AFD05214AC4E0008E6B24 /* Release */,
			);
			defaultConfigurationIsVisible = 0;
			defaultConfigurationName = Release;
		};
/* End XCConfigurationList section */
	};
	rootObject = FD4AFCE9214AC4DE008E6B24 /* Project object */;
}
